# THIS IS AN AUTOGENERATED FILE. DO NOT EDIT THIS FILE DIRECTLY.
# yarn lockfile v1


"@babel/runtime@^7.17.2":
  version "7.17.2"
  resolved "https://registry.yarnpkg.com/@babel/runtime/-/runtime-7.17.2.tgz#66f68591605e59da47523c631416b18508779941"
  integrity sha512-hzeyJyMA1YGdJTuWU0e/j4wKXrU4OMFvY2MSlaI9B7VQb0r5cxTE3EAIS2Q7Tn2RIcDkRvTA/v2JsAEhxe99uw==
  dependencies:
    regenerator-runtime "^0.13.4"

"@polkadot/util@^8.4.1":
  version "8.4.1"
  resolved "https://registry.yarnpkg.com/@polkadot/util/-/util-8.4.1.tgz#b84835c55585c8b5fc5608a99aa62ac815292ae7"
  integrity sha512-8+wqHgFbFWI5TfrvtcL888w0nWvFpbTTYIcbpEw+zYGp3n1YZTAMMP26bXWAaQX5AttxynJRij7JP3ySxYY1fg==
  dependencies:
    "@babel/runtime" "^7.17.2"
    "@polkadot/x-bigint" "8.4.1"
    "@polkadot/x-global" "8.4.1"
    "@polkadot/x-textdecoder" "8.4.1"
    "@polkadot/x-textencoder" "8.4.1"
    "@types/bn.js" "^5.1.0"
    bn.js "^5.2.0"
    ip-regex "^4.3.0"

"@polkadot/x-bigint@8.4.1":
  version "8.4.1"
  resolved "https://registry.yarnpkg.com/@polkadot/x-bigint/-/x-bigint-8.4.1.tgz#d3ccddd26cdc5413f5c722d8c53ec523299e3ff1"
  integrity sha512-QVP0UMoM0nBD998s3ESeaoSiVMEnHK3x0CCqocKO4l7ADNw8lfWdDG7Bb0+ymNaFYGz2KgEWxkN0VhNEnXzo0w==
  dependencies:
    "@babel/runtime" "^7.17.2"
    "@polkadot/x-global" "8.4.1"

"@polkadot/x-global@8.4.1":
  version "8.4.1"
  resolved "https://registry.yarnpkg.com/@polkadot/x-global/-/x-global-8.4.1.tgz#61def1f5962001200c17b9fde92f6837736b3c55"
  integrity sha512-MQs89LKQrJwiXjV7dY2kDOPNaiWrwaQ/Fzg93ycB2xMCclRV1jRFRhnhTPJ8Ao79lhCCoazd7pXIyFgfifxdqg==
  dependencies:
    "@babel/runtime" "^7.17.2"

"@polkadot/x-textdecoder@8.4.1":
  version "8.4.1"
  resolved "https://registry.yarnpkg.com/@polkadot/x-textdecoder/-/x-textdecoder-8.4.1.tgz#5a227006d183f5ec3a8a331ca38e4969d24c4a97"
  integrity sha512-qbSXyR2KvE1bO6QGsxWU3Yrx5e70rX2lwv0MHG++MyyNaDoBM3hjx14lF911bYRWXR6MW4eZ+0Nakn0oM5uSKw==
  dependencies:
    "@babel/runtime" "^7.17.2"
    "@polkadot/x-global" "8.4.1"

"@polkadot/x-textencoder@8.4.1":
  version "8.4.1"
  resolved "https://registry.yarnpkg.com/@polkadot/x-textencoder/-/x-textencoder-8.4.1.tgz#ea01733ce6b80821bf8af943a1d98878a9150af5"
  integrity sha512-1UYuckNOk6NUk70Y/SGbK8oyGbqPlrny1x2OWoK/BT3/tyL2xKVV5TlXDOiFrX1PChbskXye5M8blCTYikFiJg==
  dependencies:
    "@babel/runtime" "^7.17.2"
    "@polkadot/x-global" "8.4.1"

"@types/bn.js@^5.1.0":
  version "5.1.0"
  resolved "https://registry.yarnpkg.com/@types/bn.js/-/bn.js-5.1.0.tgz#32c5d271503a12653c62cf4d2b45e6eab8cebc68"
  integrity sha512-QSSVYj7pYFN49kW77o2s9xTCwZ8F2xLbjLLSEVh8D2F4JUhZtPAGOFLTD+ffqksBx/u4cE/KImFjyhqCjn/LIA==
  dependencies:
    "@types/node" "*"

"@types/node@*":
  version "17.0.18"
  resolved "https://registry.yarnpkg.com/@types/node/-/node-17.0.18.tgz#3b4fed5cfb58010e3a2be4b6e74615e4847f1074"
  integrity sha512-eKj4f/BsN/qcculZiRSujogjvp5O/k4lOW5m35NopjZM/QwLOR075a8pJW5hD+Rtdm2DaCVPENS6KtSQnUD6BA==

bn.js@^5.2.0:
  version "5.2.0"
  resolved "https://registry.yarnpkg.com/bn.js/-/bn.js-5.2.0.tgz#358860674396c6997771a9d051fcc1b57d4ae002"
  integrity sha512-D7iWRBvnZE8ecXiLj/9wbxH7Tk79fAh8IHaTNq1RWRixsS02W+5qS+iE9yq6RYl0asXx5tw0bLhmT5pIfbSquw==

"env@file:./env":
  version "1.0.0"

ip-regex@^4.3.0:
  version "4.3.0"
  resolved "https://registry.yarnpkg.com/ip-regex/-/ip-regex-4.3.0.tgz#687275ab0f57fa76978ff8f4dddc8a23d5990db5"
  integrity sha512-B9ZWJxHHOHUhUjCPrMpLD4xEq35bUTClHM1S6CBU5ixQnkZmwipwgc96vAd7AAGM9TGHvJR+Uss+/Ak6UphK+Q==

regenerator-runtime@^0.13.4:
  version "0.13.9"
  resolved "https://registry.yarnpkg.com/regenerator-runtime/-/regenerator-runtime-0.13.9.tgz#8925742a98ffd90814988d7566ad30ca3b263b52"
  integrity sha512-p3VT+cOEgxFsRRA9X4lkI1E+k2/CtnKtU4gcxyaCUreilL/vqI6CdZ3wxVUx3UOUg+gnUOQQcRI7BmSI656MYA==
